
Microsoft Visual Studio Solution File, Format Version 12.00
# Visual Studio Version 17
VisualStudioVersion = 17.0.31903.59
MinimumVisualStudioVersion = 10.0.40219.1
Project("{FAE04EC0-301F-11D3-BF4B-00C04F79EFBC}") = "Api", "src\Api\Api.csproj", "{824D8355-7E32-482F-852D-F2D803693513}"
EndProject
Project("{FAE04EC0-301F-11D3-BF4B-00C04F79EFBC}") = "UnitTests", "src\UnitTests\UnitTests.csproj", "{CBD8AED2-6D17-4B31-AF94-B88E6280E472}"
EndProject
Project("{2150E333-8FDC-42A3-9474-1A3956D46DE8}") = "Solution Items", "Solution Items", "{4DE96C64-2BC8-4456-BD42-09325EF67A7C}"
	ProjectSection(SolutionItems) = preProject
		docker-compose.yml = docker-compose.yml
	EndProjectSection
EndProject
Global
	GlobalSection(SolutionConfigurationPlatforms) = preSolution
		Debug|Any CPU = Debug|Any CPU
		Release|Any CPU = Release|Any CPU
	EndGlobalSection
	GlobalSection(SolutionProperties) = preSolution
		HideSolutionNode = FALSE
	EndGlobalSection
	GlobalSection(ProjectConfigurationPlatforms) = postSolution
		{824D8355-7E32-482F-852D-F2D803693513}.Debug|Any CPU.ActiveCfg = Debug|Any CPU
		{824D8355-7E32-482F-852D-F2D803693513}.Debug|Any CPU.Build.0 = Debug|Any CPU
		{824D8355-7E32-482F-852D-F2D803693513}.Release|Any CPU.ActiveCfg = Release|Any CPU
		{824D8355-7E32-482F-852D-F2D803693513}.Release|Any CPU.Build.0 = Release|Any CPU
		{CBD8AED2-6D17-4B31-AF94-B88E6280E472}.Debug|Any CPU.ActiveCfg = Debug|Any CPU
		{CBD8AED2-6D17-4B31-AF94-B88E6280E472}.Debug|Any CPU.Build.0 = Debug|Any CPU
		{CBD8AED2-6D17-4B31-AF94-B88E6280E472}.Release|Any CPU.ActiveCfg = Release|Any CPU
		{CBD8AED2-6D17-4B31-AF94-B88E6280E472}.Release|Any CPU.Build.0 = Release|Any CPU
	EndGlobalSection
EndGlobal
